{
  "requires": true,
  "lockfileVersion": 1,
  "dependencies": {
    "irc": {
      "version": "0.5.2",
      "resolved": "https://registry.npmjs.org/irc/-/irc-0.5.2.tgz",
      "integrity": "sha1-NxT0doNlqW0LL3dryRFmvrJGS7w=",
      "requires": {
        "irc-colors": "1.4.2"
      }
    },
    "irc-colors": {
      "version": "1.4.2",
      "resolved": "https://registry.npmjs.org/irc-colors/-/irc-colors-1.4.2.tgz",
      "integrity": "sha512-QZ1g4d9XTGKgBAp7lrltCetefqd3zfYs3SFQ4YyRSORORCmy/9EkU/r8LJrlSnaWc3Z+54EgHXBRlOHaCvpyHA=="
    }
  }
}
